
Microsoft Visual Studio Solution File, Format Version 12.00
# Visual Studio Version 17
VisualStudioVersion = 17.7.34202.233
MinimumVisualStudioVersion = 10.0.40219.1
Project("{FAE04EC0-301F-11D3-BF4B-00C04F79EFBC}") = "users-backend", "users-backend\users-backend.csproj", "{669EF563-ADBE-45BF-9230-8C3F99C588EC}"
EndProject
Global
	GlobalSection(SolutionConfigurationPlatforms) = preSolution
		Debug|Any CPU = Debug|Any CPU
		Release|Any CPU = Release|Any CPU
	EndGlobalSection
	GlobalSection(ProjectConfigurationPlatforms) = postSolution
		{669EF563-ADBE-45BF-9230-8C3F99C588EC}.Debug|Any CPU.ActiveCfg = Debug|Any CPU
		{669EF563-ADBE-45BF-9230-8C3F99C588EC}.Debug|Any CPU.Build.0 = Debug|Any CPU
		{669EF563-ADBE-45BF-9230-8C3F99C588EC}.Release|Any CPU.ActiveCfg = Release|Any CPU
		{669EF563-ADBE-45BF-9230-8C3F99C588EC}.Release|Any CPU.Build.0 = Release|Any CPU
	EndGlobalSection
	GlobalSection(SolutionProperties) = preSolution
		HideSolutionNode = FALSE
	EndGlobalSection
	GlobalSection(ExtensibilityGlobals) = postSolution
		SolutionGuid = {BBBE4A94-73BC-4580-A8B0-3859B9F70CAF}
	EndGlobalSection
EndGlobal
